
Microsoft Visual Studio Solution File, Format Version 12.00
# Visual Studio 15
VisualStudioVersion = 15.0.28307.902
MinimumVisualStudioVersion = 10.0.40219.1
Project("{FAE04EC0-301F-11D3-BF4B-00C04F79EFBC}") = "JSON_TO_CSV", "JSON_TO_CSV\JSON_TO_CSV.csproj", "{D679FFD6-2773-422F-A440-F3BC3410633A}"
EndProject
Global
	GlobalSection(SolutionConfigurationPlatforms) = preSolution
		Debug|Any CPU = Debug|Any CPU
		Release|Any CPU = Release|Any CPU
	EndGlobalSection
	GlobalSection(ProjectConfigurationPlatforms) = postSolution
		{D679FFD6-2773-422F-A440-F3BC3410633A}.Debug|Any CPU.ActiveCfg = Debug|Any CPU
		{D679FFD6-2773-422F-A440-F3BC3410633A}.Debug|Any CPU.Build.0 = Debug|Any CPU
		{D679FFD6-2773-422F-A440-F3BC3410633A}.Release|Any CPU.ActiveCfg = Release|Any CPU
		{D679FFD6-2773-422F-A440-F3BC3410633A}.Release|Any CPU.Build.0 = Release|Any CPU
	EndGlobalSection
	GlobalSection(SolutionProperties) = preSolution
		HideSolutionNode = FALSE
	EndGlobalSection
	GlobalSection(ExtensibilityGlobals) = postSolution
		SolutionGuid = {8CEEAC2F-0BE1-4DC4-A535-6BE71E343C35}
	EndGlobalSection
EndGlobal
